
Microsoft Visual Studio Solution File, Format Version 12.00
# Visual Studio 2013
VisualStudioVersion = 12.0.40629.0
MinimumVisualStudioVersion = 10.0.40219.1
Project("{FAE04EC0-301F-11D3-BF4B-00C04F79EFBC}") = "pcs", "pcs\pcs.csproj", "{B0B5C549-C841-40B6-BF96-75CBBED1EAD9}"
EndProject
Project("{FAE04EC0-301F-11D3-BF4B-00C04F79EFBC}") = "PearXLib", "..\PearXLib\PearXLib\PearXLib.csproj", "{327BE810-0846-4D27-8F56-B90FEA81E842}"
EndProject
Project("{FAE04EC0-301F-11D3-BF4B-00C04F79EFBC}") = "upd", "..\upd\upd\upd.csproj", "{06CE997C-8693-4984-87D3-41224350F04F}"
EndProject
Global
	GlobalSection(SolutionConfigurationPlatforms) = preSolution
		Debug|Any CPU = Debug|Any CPU
		Release|Any CPU = Release|Any CPU
	EndGlobalSection
	GlobalSection(ProjectConfigurationPlatforms) = postSolution
		{B0B5C549-C841-40B6-BF96-75CBBED1EAD9}.Debug|Any CPU.ActiveCfg = Debug|Any CPU
		{B0B5C549-C841-40B6-BF96-75CBBED1EAD9}.Debug|Any CPU.Build.0 = Debug|Any CPU
		{B0B5C549-C841-40B6-BF96-75CBBED1EAD9}.Release|Any CPU.ActiveCfg = Release|Any CPU
		{B0B5C549-C841-40B6-BF96-75CBBED1EAD9}.Release|Any CPU.Build.0 = Release|Any CPU
		{327BE810-0846-4D27-8F56-B90FEA81E842}.Debug|Any CPU.ActiveCfg = Debug|Any CPU
		{327BE810-0846-4D27-8F56-B90FEA81E842}.Debug|Any CPU.Build.0 = Debug|Any CPU
		{327BE810-0846-4D27-8F56-B90FEA81E842}.Release|Any CPU.ActiveCfg = Release|Any CPU
		{327BE810-0846-4D27-8F56-B90FEA81E842}.Release|Any CPU.Build.0 = Release|Any CPU
		{06CE997C-8693-4984-87D3-41224350F04F}.Debug|Any CPU.ActiveCfg = Debug|Any CPU
		{06CE997C-8693-4984-87D3-41224350F04F}.Debug|Any CPU.Build.0 = Debug|Any CPU
		{06CE997C-8693-4984-87D3-41224350F04F}.Release|Any CPU.ActiveCfg = Release|Any CPU
		{06CE997C-8693-4984-87D3-41224350F04F}.Release|Any CPU.Build.0 = Release|Any CPU
	EndGlobalSection
	GlobalSection(SolutionProperties) = preSolution
		HideSolutionNode = FALSE
	EndGlobalSection
EndGlobal
